#MicroXplorer Configuration settings - do not modify
Mcu.Family=STM32G0
RCC.VCOOutputFreq_Value=128000000
NVIC.SysTick_IRQn=true\:0\:0\:false\:false\:true\:false\:true
ProjectManager.LastFirmware=true
ProjectManager.MainLocation=Src
ProjectManager.FirmwarePackage=STM32Cube FW_G0 V1.3.0
MxDb.Version=DB.5.0.60
RCC.USART1Freq_Value=16000000
ProjectManager.ProjectFileName=business-card-v3-code.ioc
RCC.CortexFreq_Value=16000000
ProjectManager.BackupPrevious=false
MxCube.Version=5.6.0
RCC.VCOInputFreq_Value=16000000
RCC.I2C1Freq_Value=16000000
ProjectManager.KeepUserCode=true
Mcu.UserName=STM32G030F6Px
Mcu.PinsNb=2
ProjectManager.NoMain=false
File.Version=6
VP_SYS_VS_Systick.Mode=SysTick
NVIC.NonMaskableInt_IRQn=true\:0\:0\:false\:false\:true\:false\:false
RCC.PLLRCLKFreq_Value=64000000
NVIC.PendSV_IRQn=true\:0\:0\:false\:false\:true\:false\:false
ProjectManager.functionlistsort=1-MX_GPIO_Init-GPIO-false-HAL-true,2-SystemClock_Config-RCC-false-HAL-false
ProjectManager.FreePins=false
RCC.EXTERNAL_CLOCK_VALUE=12288000
RCC.IPParameters=AHBFreq_Value,APBFreq_Value,APBTimFreq_Value,CortexFreq_Value,EXTERNAL_CLOCK_VALUE,FCLKCortexFreq_Value,FamilyName,HCLKFreq_Value,HSE_VALUE,HSI_VALUE,I2C1Freq_Value,I2S1Freq_Value,LSCOPinFreq_Value,LSE_VALUE,LSI_VALUE,MCO1PinFreq_Value,PLLPoutputFreq_Value,PLLRCLKFreq_Value,PWRFreq_Value,SYSCLKFreq_VALUE,USART1Freq_Value,VCOInputFreq_Value,VCOOutputFreq_Value
ProjectManager.DefaultFWLocation=true
ProjectManager.AskForMigrate=true
Mcu.Name=STM32G030F6Px
ProjectManager.HalAssertFull=false
NVIC.SVC_IRQn=true\:0\:0\:false\:false\:true\:false\:false
ProjectManager.DeletePrevious=true
ProjectManager.ProjectName=business-card-v3-code
ProjectManager.UnderRoot=false
ProjectManager.CoupleFile=false
RCC.APBTimFreq_Value=16000000
RCC.SYSCLKFreq_VALUE=16000000
PinOutPanel.RotationAngle=0
Mcu.Package=TSSOP20
RCC.FamilyName=M
RCC.MCO1PinFreq_Value=16000000
ProjectManager.StackSize=0x400
PA7.Locked=true
NVIC.ForceEnableDMAVector=true
KeepUserPlacement=false
RCC.APBFreq_Value=16000000
RCC.FCLKCortexFreq_Value=16000000
ProjectManager.CompilerOptimize=6
Mcu.IP2=SYS
ProjectManager.ToolChainLocation=
RCC.LSI_VALUE=32000
VP_SYS_VS_Systick.Signal=SYS_VS_Systick
Mcu.IP0=NVIC
Mcu.IP1=RCC
RCC.LSCOPinFreq_Value=32000
ProjectManager.HeapSize=0x200
NVIC.HardFault_IRQn=true\:0\:0\:false\:false\:true\:false\:false
Mcu.UserConstants=
ProjectManager.TargetToolchain=Makefile
ProjectManager.ComputerToolchain=false
RCC.HSI_VALUE=16000000
Mcu.ThirdPartyNb=0
RCC.HCLKFreq_Value=16000000
RCC.PLLPoutputFreq_Value=64000000
Mcu.IPNb=3
ProjectManager.PreviousToolchain=
RCC.PWRFreq_Value=16000000
RCC.I2S1Freq_Value=16000000
RCC.LSE_VALUE=32768
RCC.AHBFreq_Value=16000000
Mcu.Pin0=PA7
Mcu.Pin1=VP_SYS_VS_Systick
GPIO.groupedBy=
ProjectManager.CustomerFirmwarePackage=
ProjectManager.DeviceId=STM32G030F6Px
ProjectManager.LibraryCopy=0
ProjectManager.ProjectBuild=false
RCC.HSE_VALUE=8000000
PA7.Signal=GPIO_Output
board=custom
